
Microsoft Visual Studio Solution File, Format Version 12.00
# Visual Studio Version 17
VisualStudioVersion = 17.9.34607.119
MinimumVisualStudioVersion = 10.0.40219.1
Project("{FAE04EC0-301F-11D3-BF4B-00C04F79EFBC}") = "CRUDFollowAlong", "CRUDFollowAlong\CRUDFollowAlong\CRUDFollowAlong.csproj", "{CF11D20E-947D-472B-9F38-A131BB4938D3}"
EndProject
Project("{FAE04EC0-301F-11D3-BF4B-00C04F79EFBC}") = "CRUDFollowAlong.Client", "CRUDFollowAlong\CRUDFollowAlong.Client\CRUDFollowAlong.Client.csproj", "{385D070D-E070-45A8-B344-27D5338C4DFE}"
EndProject
Project("{FAE04EC0-301F-11D3-BF4B-00C04F79EFBC}") = "CRUDFollowAlong.Shared", "CRUDFollowAlong.Shared\CRUDFollowAlong.Shared.csproj", "{CED751A6-7659-47D5-8F13-9408B3F01F66}"
EndProject
Global
	GlobalSection(SolutionConfigurationPlatforms) = preSolution
		Debug|Any CPU = Debug|Any CPU
		Release|Any CPU = Release|Any CPU
	EndGlobalSection
	GlobalSection(ProjectConfigurationPlatforms) = postSolution
		{CF11D20E-947D-472B-9F38-A131BB4938D3}.Debug|Any CPU.ActiveCfg = Debug|Any CPU
		{CF11D20E-947D-472B-9F38-A131BB4938D3}.Debug|Any CPU.Build.0 = Debug|Any CPU
		{CF11D20E-947D-472B-9F38-A131BB4938D3}.Release|Any CPU.ActiveCfg = Release|Any CPU
		{CF11D20E-947D-472B-9F38-A131BB4938D3}.Release|Any CPU.Build.0 = Release|Any CPU
		{385D070D-E070-45A8-B344-27D5338C4DFE}.Debug|Any CPU.ActiveCfg = Debug|Any CPU
		{385D070D-E070-45A8-B344-27D5338C4DFE}.Debug|Any CPU.Build.0 = Debug|Any CPU
		{385D070D-E070-45A8-B344-27D5338C4DFE}.Release|Any CPU.ActiveCfg = Release|Any CPU
		{385D070D-E070-45A8-B344-27D5338C4DFE}.Release|Any CPU.Build.0 = Release|Any CPU
		{CED751A6-7659-47D5-8F13-9408B3F01F66}.Debug|Any CPU.ActiveCfg = Debug|Any CPU
		{CED751A6-7659-47D5-8F13-9408B3F01F66}.Debug|Any CPU.Build.0 = Debug|Any CPU
		{CED751A6-7659-47D5-8F13-9408B3F01F66}.Release|Any CPU.ActiveCfg = Release|Any CPU
		{CED751A6-7659-47D5-8F13-9408B3F01F66}.Release|Any CPU.Build.0 = Release|Any CPU
	EndGlobalSection
	GlobalSection(SolutionProperties) = preSolution
		HideSolutionNode = FALSE
	EndGlobalSection
	GlobalSection(ExtensibilityGlobals) = postSolution
		SolutionGuid = {F16B9A0B-F9AF-4E29-9891-B73149AF2DE1}
	EndGlobalSection
EndGlobal
